// !$*UTF8*$!
{
	archiveVersion = 1;
	classes = {
	};
	objectVersion = 46;
	objects = {

/* Begin PBXBuildFile section */
		DE3753EC14BD421B002F10CA /* Twitter.framework in Frameworks */ = {isa = PBXBuildFile; fileRef = DE3753EB14BD421B002F10CA /* Twitter.framework */; settings = {ATTRIBUTES = (Weak, ); }; };
		DE37540C14BEA026002F10CA /* UIApplication+WANetworkActivity.m in Sources */ = {isa = PBXBuildFile; fileRef = DE37540B14BEA026002F10CA /* UIApplication+WANetworkActivity.m */; };
		DE4C894214B35E56004858FC /* libwatoolkitios.a in Frameworks */ = {isa = PBXBuildFile; fileRef = DE4C894114B35E56004858FC /* libwatoolkitios.a */; };
		DE5D6A2A14BFCF5300B80551 /* WATweetBlobHandler.m in Sources */ = {isa = PBXBuildFile; fileRef = DE5D6A2914BFCF5300B80551 /* WATweetBlobHandler.m */; };
		DE74EBA514B8EBCF0007EC16 /* WAAcsRegisterViewController.m in Sources */ = {isa = PBXBuildFile; fileRef = DE74EBA414B8EBCF0007EC16 /* WAAcsRegisterViewController.m */; };
		DE74EBAC14B8ECF90007EC16 /* WALoginHandler.m in Sources */ = {isa = PBXBuildFile; fileRef = DE74EBA714B8ECF80007EC16 /* WALoginHandler.m */; };
		DE74EBAD14B8ECF90007EC16 /* WALoginViewController.m in Sources */ = {isa = PBXBuildFile; fileRef = DE74EBA914B8ECF80007EC16 /* WALoginViewController.m */; };
		DE74EBAE14B8ECF90007EC16 /* WARegisterViewController.m in Sources */ = {isa = PBXBuildFile; fileRef = DE74EBAB14B8ECF80007EC16 /* WARegisterViewController.m */; };
		DE74EBB114BAAE3A0007EC16 /* WABitlyResponse.m in Sources */ = {isa = PBXBuildFile; fileRef = DE74EBB014BAAE390007EC16 /* WABitlyResponse.m */; };
		DEC2BD6014A5713500887739 /* UIKit.framework in Frameworks */ = {isa = PBXBuildFile; fileRef = DEC2BD5F14A5713500887739 /* UIKit.framework */; };
		DEC2BD6214A5713500887739 /* Foundation.framework in Frameworks */ = {isa = PBXBuildFile; fileRef = DEC2BD6114A5713500887739 /* Foundation.framework */; };
		DEC2BD6414A5713500887739 /* CoreGraphics.framework in Frameworks */ = {isa = PBXBuildFile; fileRef = DEC2BD6314A5713500887739 /* CoreGraphics.framework */; };
		DEC2BD6A14A5713500887739 /* InfoPlist.strings in Resources */ = {isa = PBXBuildFile; fileRef = DEC2BD6814A5713500887739 /* InfoPlist.strings */; };
		DEC2BD6C14A5713500887739 /* main.m in Sources */ = {isa = PBXBuildFile; fileRef = DEC2BD6B14A5713500887739 /* main.m */; };
		DEC2BD7014A5713500887739 /* WAAppDelegate.m in Sources */ = {isa = PBXBuildFile; fileRef = DEC2BD6F14A5713500887739 /* WAAppDelegate.m */; };
		DEC2BD7314A5713500887739 /* MainStoryboard.storyboard in Resources */ = {isa = PBXBuildFile; fileRef = DEC2BD7114A5713500887739 /* MainStoryboard.storyboard */; };
		DEC2BD7614A5713500887739 /* WAMainViewController.m in Sources */ = {isa = PBXBuildFile; fileRef = DEC2BD7514A5713500887739 /* WAMainViewController.m */; };
		DEC2BD8014A5723D00887739 /* TakePhoto.png in Resources */ = {isa = PBXBuildFile; fileRef = DEC2BD7F14A5723D00887739 /* TakePhoto.png */; };
		DEC2BD9714ABC6D500887739 /* Default.png in Resources */ = {isa = PBXBuildFile; fileRef = DEC2BD9514ABC6D500887739 /* Default.png */; };
		DEC2BD9814ABC6D500887739 /* Default@2x.png in Resources */ = {isa = PBXBuildFile; fileRef = DEC2BD9614ABC6D500887739 /* Default@2x.png */; };
		DEC2BD9F14ABCC5200887739 /* WAKeychainController.m in Sources */ = {isa = PBXBuildFile; fileRef = DEC2BD9E14ABCC5200887739 /* WAKeychainController.m */; };
		DEC2BDA114ABD0AD00887739 /* Icon.png in Resources */ = {isa = PBXBuildFile; fileRef = DEC2BDA014ABD0AD00887739 /* Icon.png */; };
		DEC2BDA314ABD0B500887739 /* Icon@2x.png in Resources */ = {isa = PBXBuildFile; fileRef = DEC2BDA214ABD0B500887739 /* Icon@2x.png */; };
		DEC2BDAA14B1331200887739 /* WABitlyHandler.m in Sources */ = {isa = PBXBuildFile; fileRef = DEC2BDA914B1331200887739 /* WABitlyHandler.m */; };
		DEC2BDAD14B14E9300887739 /* Security.framework in Frameworks */ = {isa = PBXBuildFile; fileRef = DEC2BDAC14B14E9300887739 /* Security.framework */; };
		DEC2BDC314B23F4D00887739 /* WABlobTweet.m in Sources */ = {isa = PBXBuildFile; fileRef = DEC2BDC214B23F4D00887739 /* WABlobTweet.m */; };
		DEC2BDC714B2471500887739 /* WABitlyCredential.m in Sources */ = {isa = PBXBuildFile; fileRef = DEC2BDC614B2471500887739 /* WABitlyCredential.m */; };
		DEC2BDCA14B28CB500887739 /* WALocationHandler.m in Sources */ = {isa = PBXBuildFile; fileRef = DEC2BDC914B28CB500887739 /* WALocationHandler.m */; };
		DEC2BDCD14B2A93300887739 /* CoreLocation.framework in Frameworks */ = {isa = PBXBuildFile; fileRef = DEC2BDCC14B2A93300887739 /* CoreLocation.framework */; };
		DEC2BDCF14B2BC5E00887739 /* libxml2.2.7.3.dylib in Frameworks */ = {isa = PBXBuildFile; fileRef = DEC2BDCE14B2BC5E00887739 /* libxml2.2.7.3.dylib */; };
		DEC2BDDB14B2C07C00887739 /* WAServiceCall.m in Sources */ = {isa = PBXBuildFile; fileRef = DEC2BDD614B2C07C00887739 /* WAServiceCall.m */; };
		DEC2BDDD14B2C07C00887739 /* WAConfiguration.m in Sources */ = {isa = PBXBuildFile; fileRef = DEC2BDDA14B2C07C00887739 /* WAConfiguration.m */; };
		DEFCC3BD14C22AFB005401A5 /* SVProgressHUD.bundle in Resources */ = {isa = PBXBuildFile; fileRef = DEFCC3BA14C22AFB005401A5 /* SVProgressHUD.bundle */; };
		DEFCC3BE14C22AFB005401A5 /* SVProgressHUD.m in Sources */ = {isa = PBXBuildFile; fileRef = DEFCC3BC14C22AFB005401A5 /* SVProgressHUD.m */; settings = {COMPILER_FLAGS = "-fno-objc-arc"; }; };
/* End PBXBuildFile section */

/* Begin PBXFileReference section */
		DE3753EB14BD421B002F10CA /* Twitter.framework */ = {isa = PBXFileReference; lastKnownFileType = wrapper.framework; name = Twitter.framework; path = System/Library/Frameworks/Twitter.framework; sourceTree = SDKROOT; };
		DE37540A14BEA026002F10CA /* UIApplication+WANetworkActivity.h */ = {isa = PBXFileReference; fileEncoding = 4; lastKnownFileType = sourcecode.c.h; name = "UIApplication+WANetworkActivity.h"; path = "../../../library/Library/Private/UIApplication+WANetworkActivity.h"; sourceTree = "<group>"; };
		DE37540B14BEA026002F10CA /* UIApplication+WANetworkActivity.m */ = {isa = PBXFileReference; fileEncoding = 4; lastKnownFileType = sourcecode.c.objc; name = "UIApplication+WANetworkActivity.m"; path = "../../../library/Library/Private/UIApplication+WANetworkActivity.m"; sourceTree = "<group>"; };
		DE4C894114B35E56004858FC /* libwatoolkitios.a */ = {isa = PBXFileReference; lastKnownFileType = archive.ar; name = libwatoolkitios.a; path = "../../library/build/Debug-iphoneos/libwatoolkitios.a"; sourceTree = "<group>"; };
		DE5D6A2814BFCF5300B80551 /* WATweetBlobHandler.h */ = {isa = PBXFileReference; fileEncoding = 4; lastKnownFileType = sourcecode.c.h; path = WATweetBlobHandler.h; sourceTree = "<group>"; };
		DE5D6A2914BFCF5300B80551 /* WATweetBlobHandler.m */ = {isa = PBXFileReference; fileEncoding = 4; lastKnownFileType = sourcecode.c.objc; path = WATweetBlobHandler.m; sourceTree = "<group>"; };
		DE74EBA314B8EBCF0007EC16 /* WAAcsRegisterViewController.h */ = {isa = PBXFileReference; fileEncoding = 4; lastKnownFileType = sourcecode.c.h; path = WAAcsRegisterViewController.h; sourceTree = "<group>"; };
		DE74EBA414B8EBCF0007EC16 /* WAAcsRegisterViewController.m */ = {isa = PBXFileReference; fileEncoding = 4; lastKnownFileType = sourcecode.c.objc; path = WAAcsRegisterViewController.m; sourceTree = "<group>"; };
		DE74EBA614B8ECF80007EC16 /* WALoginHandler.h */ = {isa = PBXFileReference; fileEncoding = 4; lastKnownFileType = sourcecode.c.h; path = WALoginHandler.h; sourceTree = "<group>"; };
		DE74EBA714B8ECF80007EC16 /* WALoginHandler.m */ = {isa = PBXFileReference; fileEncoding = 4; lastKnownFileType = sourcecode.c.objc; path = WALoginHandler.m; sourceTree = "<group>"; };
		DE74EBA814B8ECF80007EC16 /* WALoginViewController.h */ = {isa = PBXFileReference; fileEncoding = 4; lastKnownFileType = sourcecode.c.h; path = WALoginViewController.h; sourceTree = "<group>"; };
		DE74EBA914B8ECF80007EC16 /* WALoginViewController.m */ = {isa = PBXFileReference; fileEncoding = 4; lastKnownFileType = sourcecode.c.objc; path = WALoginViewController.m; sourceTree = "<group>"; };
		DE74EBAA14B8ECF80007EC16 /* WARegisterViewController.h */ = {isa = PBXFileReference; fileEncoding = 4; lastKnownFileType = sourcecode.c.h; path = WARegisterViewController.h; sourceTree = "<group>"; };
		DE74EBAB14B8ECF80007EC16 /* WARegisterViewController.m */ = {isa = PBXFileReference; fileEncoding = 4; lastKnownFileType = sourcecode.c.objc; path = WARegisterViewController.m; sourceTree = "<group>"; };
		DE74EBAF14BAAE390007EC16 /* WABitlyResponse.h */ = {isa = PBXFileReference; fileEncoding = 4; lastKnownFileType = sourcecode.c.h; path = WABitlyResponse.h; sourceTree = "<group>"; };
		DE74EBB014BAAE390007EC16 /* WABitlyResponse.m */ = {isa = PBXFileReference; fileEncoding = 4; lastKnownFileType = sourcecode.c.objc; path = WABitlyResponse.m; sourceTree = "<group>"; };
		DE74EBB214BB4F9A0007EC16 /* BlockTypes.h */ = {isa = PBXFileReference; fileEncoding = 4; lastKnownFileType = sourcecode.c.h; path = BlockTypes.h; sourceTree = "<group>"; };
		DEC2BD5B14A5713500887739 /* TweetBlob.app */ = {isa = PBXFileReference; explicitFileType = wrapper.application; includeInIndex = 0; path = TweetBlob.app; sourceTree = BUILT_PRODUCTS_DIR; };
		DEC2BD5F14A5713500887739 /* UIKit.framework */ = {isa = PBXFileReference; lastKnownFileType = wrapper.framework; name = UIKit.framework; path = System/Library/Frameworks/UIKit.framework; sourceTree = SDKROOT; };
		DEC2BD6114A5713500887739 /* Foundation.framework */ = {isa = PBXFileReference; lastKnownFileType = wrapper.framework; name = Foundation.framework; path = System/Library/Frameworks/Foundation.framework; sourceTree = SDKROOT; };
		DEC2BD6314A5713500887739 /* CoreGraphics.framework */ = {isa = PBXFileReference; lastKnownFileType = wrapper.framework; name = CoreGraphics.framework; path = System/Library/Frameworks/CoreGraphics.framework; sourceTree = SDKROOT; };
		DEC2BD6714A5713500887739 /* TweetYourBlobs-Info.plist */ = {isa = PBXFileReference; lastKnownFileType = text.plist.xml; path = "TweetYourBlobs-Info.plist"; sourceTree = "<group>"; };
		DEC2BD6914A5713500887739 /* en */ = {isa = PBXFileReference; lastKnownFileType = text.plist.strings; name = en; path = en.lproj/InfoPlist.strings; sourceTree = "<group>"; };
		DEC2BD6B14A5713500887739 /* main.m */ = {isa = PBXFileReference; lastKnownFileType = sourcecode.c.objc; path = main.m; sourceTree = "<group>"; };
		DEC2BD6D14A5713500887739 /* TweetYourBlobs-Prefix.pch */ = {isa = PBXFileReference; lastKnownFileType = sourcecode.c.h; path = "TweetYourBlobs-Prefix.pch"; sourceTree = "<group>"; };
		DEC2BD6E14A5713500887739 /* WAAppDelegate.h */ = {isa = PBXFileReference; lastKnownFileType = sourcecode.c.h; path = WAAppDelegate.h; sourceTree = "<group>"; };
		DEC2BD6F14A5713500887739 /* WAAppDelegate.m */ = {isa = PBXFileReference; lastKnownFileType = sourcecode.c.objc; path = WAAppDelegate.m; sourceTree = "<group>"; };
		DEC2BD7214A5713500887739 /* en */ = {isa = PBXFileReference; lastKnownFileType = file.storyboard; name = en; path = en.lproj/MainStoryboard.storyboard; sourceTree = "<group>"; };
		DEC2BD7414A5713500887739 /* WAMainViewController.h */ = {isa = PBXFileReference; lastKnownFileType = sourcecode.c.h; path = WAMainViewController.h; sourceTree = "<group>"; };
		DEC2BD7514A5713500887739 /* WAMainViewController.m */ = {isa = PBXFileReference; lastKnownFileType = sourcecode.c.objc; path = WAMainViewController.m; sourceTree = "<group>"; };
		DEC2BD7F14A5723D00887739 /* TakePhoto.png */ = {isa = PBXFileReference; lastKnownFileType = image.png; path = TakePhoto.png; sourceTree = "<group>"; };
		DEC2BD9514ABC6D500887739 /* Default.png */ = {isa = PBXFileReference; lastKnownFileType = image.png; path = Default.png; sourceTree = "<group>"; };
		DEC2BD9614ABC6D500887739 /* Default@2x.png */ = {isa = PBXFileReference; lastKnownFileType = image.png; path = "Default@2x.png"; sourceTree = "<group>"; };
		DEC2BD9D14ABCC5200887739 /* WAKeychainController.h */ = {isa = PBXFileReference; fileEncoding = 4; lastKnownFileType = sourcecode.c.h; path = WAKeychainController.h; sourceTree = "<group>"; };
		DEC2BD9E14ABCC5200887739 /* WAKeychainController.m */ = {isa = PBXFileReference; fileEncoding = 4; lastKnownFileType = sourcecode.c.objc; path = WAKeychainController.m; sourceTree = "<group>"; };
		DEC2BDA014ABD0AD00887739 /* Icon.png */ = {isa = PBXFileReference; lastKnownFileType = image.png; name = Icon.png; path = ../Icon.png; sourceTree = "<group>"; };
		DEC2BDA214ABD0B500887739 /* Icon@2x.png */ = {isa = PBXFileReference; lastKnownFileType = image.png; name = "Icon@2x.png"; path = "../Icon@2x.png"; sourceTree = "<group>"; };
		DEC2BDA814B1331200887739 /* WABitlyHandler.h */ = {isa = PBXFileReference; fileEncoding = 4; lastKnownFileType = sourcecode.c.h; path = WABitlyHandler.h; sourceTree = "<group>"; };
		DEC2BDA914B1331200887739 /* WABitlyHandler.m */ = {isa = PBXFileReference; fileEncoding = 4; lastKnownFileType = sourcecode.c.objc; path = WABitlyHandler.m; sourceTree = "<group>"; };
		DEC2BDAC14B14E9300887739 /* Security.framework */ = {isa = PBXFileReference; lastKnownFileType = wrapper.framework; name = Security.framework; path = System/Library/Frameworks/Security.framework; sourceTree = SDKROOT; };
		DEC2BDC114B23F4D00887739 /* WABlobTweet.h */ = {isa = PBXFileReference; fileEncoding = 4; lastKnownFileType = sourcecode.c.h; path = WABlobTweet.h; sourceTree = "<group>"; };
		DEC2BDC214B23F4D00887739 /* WABlobTweet.m */ = {isa = PBXFileReference; fileEncoding = 4; lastKnownFileType = sourcecode.c.objc; path = WABlobTweet.m; sourceTree = "<group>"; };
		DEC2BDC514B2471500887739 /* WABitlyCredential.h */ = {isa = PBXFileReference; fileEncoding = 4; lastKnownFileType = sourcecode.c.h; path = WABitlyCredential.h; sourceTree = "<group>"; };
		DEC2BDC614B2471500887739 /* WABitlyCredential.m */ = {isa = PBXFileReference; fileEncoding = 4; lastKnownFileType = sourcecode.c.objc; path = WABitlyCredential.m; sourceTree = "<group>"; };
		DEC2BDC814B28CB500887739 /* WALocationHandler.h */ = {isa = PBXFileReference; fileEncoding = 4; lastKnownFileType = sourcecode.c.h; path = WALocationHandler.h; sourceTree = "<group>"; };
		DEC2BDC914B28CB500887739 /* WALocationHandler.m */ = {isa = PBXFileReference; fileEncoding = 4; lastKnownFileType = sourcecode.c.objc; path = WALocationHandler.m; sourceTree = "<group>"; };
		DEC2BDCB14B29F8A00887739 /* WALocationControllerDelegate.h */ = {isa = PBXFileReference; fileEncoding = 4; lastKnownFileType = sourcecode.c.h; path = WALocationControllerDelegate.h; sourceTree = "<group>"; };
		DEC2BDCC14B2A93300887739 /* CoreLocation.framework */ = {isa = PBXFileReference; lastKnownFileType = wrapper.framework; name = CoreLocation.framework; path = System/Library/Frameworks/CoreLocation.framework; sourceTree = SDKROOT; };
		DEC2BDCE14B2BC5E00887739 /* libxml2.2.7.3.dylib */ = {isa = PBXFileReference; lastKnownFileType = "compiled.mach-o.dylib"; name = libxml2.2.7.3.dylib; path = usr/lib/libxml2.2.7.3.dylib; sourceTree = SDKROOT; };
		DEC2BDD514B2C07C00887739 /* WAServiceCall.h */ = {isa = PBXFileReference; fileEncoding = 4; lastKnownFileType = sourcecode.c.h; path = WAServiceCall.h; sourceTree = "<group>"; };
		DEC2BDD614B2C07C00887739 /* WAServiceCall.m */ = {isa = PBXFileReference; fileEncoding = 4; lastKnownFileType = sourcecode.c.objc; path = WAServiceCall.m; sourceTree = "<group>"; };
		DEC2BDD914B2C07C00887739 /* WAConfiguration.h */ = {isa = PBXFileReference; fileEncoding = 4; lastKnownFileType = sourcecode.c.h; path = WAConfiguration.h; sourceTree = "<group>"; };
		DEC2BDDA14B2C07C00887739 /* WAConfiguration.m */ = {isa = PBXFileReference; fileEncoding = 4; lastKnownFileType = sourcecode.c.objc; path = WAConfiguration.m; sourceTree = "<group>"; };
		DEC2BDDE14B2C3B900887739 /* Macros.h */ = {isa = PBXFileReference; fileEncoding = 4; lastKnownFileType = sourcecode.c.h; path = Macros.h; sourceTree = "<group>"; };
		DEFCC3BA14C22AFB005401A5 /* SVProgressHUD.bundle */ = {isa = PBXFileReference; lastKnownFileType = "wrapper.plug-in"; path = SVProgressHUD.bundle; sourceTree = "<group>"; };
		DEFCC3BB14C22AFB005401A5 /* SVProgressHUD.h */ = {isa = PBXFileReference; fileEncoding = 4; lastKnownFileType = sourcecode.c.h; path = SVProgressHUD.h; sourceTree = "<group>"; };
		DEFCC3BC14C22AFB005401A5 /* SVProgressHUD.m */ = {isa = PBXFileReference; fileEncoding = 4; lastKnownFileType = sourcecode.c.objc; path = SVProgressHUD.m; sourceTree = "<group>"; };
/* End PBXFileReference section */

/* Begin PBXFrameworksBuildPhase section */
		DEC2BD5814A5713500887739 /* Frameworks */ = {
			isa = PBXFrameworksBuildPhase;
			buildActionMask = 2147483647;
			files = (
				DE3753EC14BD421B002F10CA /* Twitter.framework in Frameworks */,
				DE4C894214B35E56004858FC /* libwatoolkitios.a in Frameworks */,
				DEC2BDCF14B2BC5E00887739 /* libxml2.2.7.3.dylib in Frameworks */,
				DEC2BDCD14B2A93300887739 /* CoreLocation.framework in Frameworks */,
				DEC2BDAD14B14E9300887739 /* Security.framework in Frameworks */,
				DEC2BD6014A5713500887739 /* UIKit.framework in Frameworks */,
				DEC2BD6214A5713500887739 /* Foundation.framework in Frameworks */,
				DEC2BD6414A5713500887739 /* CoreGraphics.framework in Frameworks */,
			);
			runOnlyForDeploymentPostprocessing = 0;
		};
/* End PBXFrameworksBuildPhase section */

/* Begin PBXGroup section */
		DEC2BD5014A5713500887739 = {
			isa = PBXGroup;
			children = (
				DEC2BD6514A5713500887739 /* TweetYourBlobs */,
				DEC2BD5E14A5713500887739 /* Frameworks */,
				DEC2BD5C14A5713500887739 /* Products */,
			);
			sourceTree = "<group>";
		};
		DEC2BD5C14A5713500887739 /* Products */ = {
			isa = PBXGroup;
			children = (
				DEC2BD5B14A5713500887739 /* TweetBlob.app */,
			);
			name = Products;
			sourceTree = "<group>";
		};
		DEC2BD5E14A5713500887739 /* Frameworks */ = {
			isa = PBXGroup;
			children = (
				DE4C894114B35E56004858FC /* libwatoolkitios.a */,
				DEC2BDCE14B2BC5E00887739 /* libxml2.2.7.3.dylib */,
				DE3753EB14BD421B002F10CA /* Twitter.framework */,
				DEC2BDCC14B2A93300887739 /* CoreLocation.framework */,
				DEC2BDAC14B14E9300887739 /* Security.framework */,
				DEC2BD5F14A5713500887739 /* UIKit.framework */,
				DEC2BD6114A5713500887739 /* Foundation.framework */,
				DEC2BD6314A5713500887739 /* CoreGraphics.framework */,
			);
			name = Frameworks;
			sourceTree = "<group>";
		};
		DEC2BD6514A5713500887739 /* TweetYourBlobs */ = {
			isa = PBXGroup;
			children = (
				DEFCC3B914C22AFB005401A5 /* SVProgressHUD */,
				DEC2BDD414B2C07B00887739 /* Configuration */,
				DEC2BD6E14A5713500887739 /* WAAppDelegate.h */,
				DEC2BD6F14A5713500887739 /* WAAppDelegate.m */,
				DEC2BD7114A5713500887739 /* MainStoryboard.storyboard */,
				DEC2BD7414A5713500887739 /* WAMainViewController.h */,
				DEC2BD7514A5713500887739 /* WAMainViewController.m */,
				DEC2BDC114B23F4D00887739 /* WABlobTweet.h */,
				DEC2BDC214B23F4D00887739 /* WABlobTweet.m */,
				DE5D6A2814BFCF5300B80551 /* WATweetBlobHandler.h */,
				DE5D6A2914BFCF5300B80551 /* WATweetBlobHandler.m */,
				DEC2BD9D14ABCC5200887739 /* WAKeychainController.h */,
				DEC2BD9E14ABCC5200887739 /* WAKeychainController.m */,
				DEC2BDC814B28CB500887739 /* WALocationHandler.h */,
				DEC2BDC914B28CB500887739 /* WALocationHandler.m */,
				DEC2BDCB14B29F8A00887739 /* WALocationControllerDelegate.h */,
				DEC2BDA814B1331200887739 /* WABitlyHandler.h */,
				DEC2BDA914B1331200887739 /* WABitlyHandler.m */,
				DE74EBAF14BAAE390007EC16 /* WABitlyResponse.h */,
				DE74EBB014BAAE390007EC16 /* WABitlyResponse.m */,
				DEC2BDC514B2471500887739 /* WABitlyCredential.h */,
				DEC2BDC614B2471500887739 /* WABitlyCredential.m */,
				DE37540A14BEA026002F10CA /* UIApplication+WANetworkActivity.h */,
				DE37540B14BEA026002F10CA /* UIApplication+WANetworkActivity.m */,
				DEC2BDDE14B2C3B900887739 /* Macros.h */,
				DEC2BD6614A5713500887739 /* Supporting Files */,
			);
			path = TweetYourBlobs;
			sourceTree = "<group>";
		};
		DEC2BD6614A5713500887739 /* Supporting Files */ = {
			isa = PBXGroup;
			children = (
				DEC2BDA014ABD0AD00887739 /* Icon.png */,
				DEC2BDA214ABD0B500887739 /* Icon@2x.png */,
				DEC2BD9514ABC6D500887739 /* Default.png */,
				DEC2BD9614ABC6D500887739 /* Default@2x.png */,
				DEC2BD7F14A5723D00887739 /* TakePhoto.png */,
				DEC2BD6714A5713500887739 /* TweetYourBlobs-Info.plist */,
				DEC2BD6814A5713500887739 /* InfoPlist.strings */,
				DEC2BD6B14A5713500887739 /* main.m */,
				DEC2BD6D14A5713500887739 /* TweetYourBlobs-Prefix.pch */,
			);
			name = "Supporting Files";
			sourceTree = "<group>";
		};
		DEC2BDD414B2C07B00887739 /* Configuration */ = {
			isa = PBXGroup;
			children = (
				DEC2BDD514B2C07C00887739 /* WAServiceCall.h */,
				DEC2BDD614B2C07C00887739 /* WAServiceCall.m */,
				DEC2BDD914B2C07C00887739 /* WAConfiguration.h */,
				DEC2BDDA14B2C07C00887739 /* WAConfiguration.m */,
				DE74EBA614B8ECF80007EC16 /* WALoginHandler.h */,
				DE74EBA714B8ECF80007EC16 /* WALoginHandler.m */,
				DE74EBA814B8ECF80007EC16 /* WALoginViewController.h */,
				DE74EBA914B8ECF80007EC16 /* WALoginViewController.m */,
				DE74EBAA14B8ECF80007EC16 /* WARegisterViewController.h */,
				DE74EBAB14B8ECF80007EC16 /* WARegisterViewController.m */,
				DE74EBA314B8EBCF0007EC16 /* WAAcsRegisterViewController.h */,
				DE74EBA414B8EBCF0007EC16 /* WAAcsRegisterViewController.m */,
				DE74EBB214BB4F9A0007EC16 /* BlockTypes.h */,
			);
			path = Configuration;
			sourceTree = "<group>";
		};
		DEFCC3B914C22AFB005401A5 /* SVProgressHUD */ = {
			isa = PBXGroup;
			children = (
				DEFCC3BA14C22AFB005401A5 /* SVProgressHUD.bundle */,
				DEFCC3BB14C22AFB005401A5 /* SVProgressHUD.h */,
				DEFCC3BC14C22AFB005401A5 /* SVProgressHUD.m */,
			);
			path = SVProgressHUD;
			sourceTree = "<group>";
		};
/* End PBXGroup section */

/* Begin PBXNativeTarget section */
		DEC2BD5A14A5713500887739 /* TweetYourBlobs */ = {
			isa = PBXNativeTarget;
			buildConfigurationList = DEC2BD7C14A5713600887739 /* Build configuration list for PBXNativeTarget "TweetYourBlobs" */;
			buildPhases = (
				DEC2BD5714A5713500887739 /* Sources */,
				DEC2BD5814A5713500887739 /* Frameworks */,
				DEC2BD5914A5713500887739 /* Resources */,
			);
			buildRules = (
			);
			dependencies = (
			);
			name = TweetYourBlobs;
			productName = TweetYourBlobs;
			productReference = DEC2BD5B14A5713500887739 /* TweetBlob.app */;
			productType = "com.apple.product-type.application";
		};
/* End PBXNativeTarget section */

/* Begin PBXProject section */
		DEC2BD5214A5713500887739 /* Project object */ = {
			isa = PBXProject;
			attributes = {
				LastUpgradeCheck = 0420;
				ORGANIZATIONNAME = "Scott Densmore";
			};
			buildConfigurationList = DEC2BD5514A5713500887739 /* Build configuration list for PBXProject "TweetYourBlobs" */;
			compatibilityVersion = "Xcode 3.2";
			developmentRegion = English;
			hasScannedForEncodings = 0;
			knownRegions = (
				en,
			);
			mainGroup = DEC2BD5014A5713500887739;
			productRefGroup = DEC2BD5C14A5713500887739 /* Products */;
			projectDirPath = "";
			projectRoot = "";
			targets = (
				DEC2BD5A14A5713500887739 /* TweetYourBlobs */,
			);
		};
/* End PBXProject section */

/* Begin PBXResourcesBuildPhase section */
		DEC2BD5914A5713500887739 /* Resources */ = {
			isa = PBXResourcesBuildPhase;
			buildActionMask = 2147483647;
			files = (
				DEC2BD6A14A5713500887739 /* InfoPlist.strings in Resources */,
				DEC2BD7314A5713500887739 /* MainStoryboard.storyboard in Resources */,
				DEC2BD8014A5723D00887739 /* TakePhoto.png in Resources */,
				DEC2BD9714ABC6D500887739 /* Default.png in Resources */,
				DEC2BD9814ABC6D500887739 /* Default@2x.png in Resources */,
				DEC2BDA114ABD0AD00887739 /* Icon.png in Resources */,
				DEC2BDA314ABD0B500887739 /* Icon@2x.png in Resources */,
				DEFCC3BD14C22AFB005401A5 /* SVProgressHUD.bundle in Resources */,
			);
			runOnlyForDeploymentPostprocessing = 0;
		};
/* End PBXResourcesBuildPhase section */

/* Begin PBXSourcesBuildPhase section */
		DEC2BD5714A5713500887739 /* Sources */ = {
			isa = PBXSourcesBuildPhase;
			buildActionMask = 2147483647;
			files = (
				DEC2BD6C14A5713500887739 /* main.m in Sources */,
				DEC2BD7014A5713500887739 /* WAAppDelegate.m in Sources */,
				DEC2BD7614A5713500887739 /* WAMainViewController.m in Sources */,
				DEC2BD9F14ABCC5200887739 /* WAKeychainController.m in Sources */,
				DEC2BDAA14B1331200887739 /* WABitlyHandler.m in Sources */,
				DEC2BDC314B23F4D00887739 /* WABlobTweet.m in Sources */,
				DEC2BDC714B2471500887739 /* WABitlyCredential.m in Sources */,
				DEC2BDCA14B28CB500887739 /* WALocationHandler.m in Sources */,
				DEC2BDDB14B2C07C00887739 /* WAServiceCall.m in Sources */,
				DEC2BDDD14B2C07C00887739 /* WAConfiguration.m in Sources */,
				DE74EBA514B8EBCF0007EC16 /* WAAcsRegisterViewController.m in Sources */,
				DE74EBAC14B8ECF90007EC16 /* WALoginHandler.m in Sources */,
				DE74EBAD14B8ECF90007EC16 /* WALoginViewController.m in Sources */,
				DE74EBAE14B8ECF90007EC16 /* WARegisterViewController.m in Sources */,
				DE74EBB114BAAE3A0007EC16 /* WABitlyResponse.m in Sources */,
				DE37540C14BEA026002F10CA /* UIApplication+WANetworkActivity.m in Sources */,
				DE5D6A2A14BFCF5300B80551 /* WATweetBlobHandler.m in Sources */,
				DEFCC3BE14C22AFB005401A5 /* SVProgressHUD.m in Sources */,
			);
			runOnlyForDeploymentPostprocessing = 0;
		};
/* End PBXSourcesBuildPhase section */

/* Begin PBXVariantGroup section */
		DEC2BD6814A5713500887739 /* InfoPlist.strings */ = {
			isa = PBXVariantGroup;
			children = (
				DEC2BD6914A5713500887739 /* en */,
			);
			name = InfoPlist.strings;
			sourceTree = "<group>";
		};
		DEC2BD7114A5713500887739 /* MainStoryboard.storyboard */ = {
			isa = PBXVariantGroup;
			children = (
				DEC2BD7214A5713500887739 /* en */,
			);
			name = MainStoryboard.storyboard;
			sourceTree = "<group>";
		};
/* End PBXVariantGroup section */

/* Begin XCBuildConfiguration section */
		DEC2BD7A14A5713600887739 /* Debug */ = {
			isa = XCBuildConfiguration;
			buildSettings = {
				ALWAYS_SEARCH_USER_PATHS = NO;
				ARCHS = "$(ARCHS_STANDARD_32_BIT)";
				CLANG_ENABLE_OBJC_ARC = YES;
				"CODE_SIGN_IDENTITY[sdk=iphoneos*]" = "";
				COPY_PHASE_STRIP = NO;
				GCC_C_LANGUAGE_STANDARD = gnu99;
				GCC_DYNAMIC_NO_PIC = NO;
				GCC_OPTIMIZATION_LEVEL = 0;
				GCC_PREPROCESSOR_DEFINITIONS = (
					"DEBUG=1",
					"$(inherited)",
				);
				GCC_SYMBOLS_PRIVATE_EXTERN = NO;
				GCC_VERSION = com.apple.compilers.llvm.clang.1_0;
				GCC_WARN_ABOUT_MISSING_PROTOTYPES = YES;
				GCC_WARN_ABOUT_RETURN_TYPE = YES;
				GCC_WARN_UNUSED_VARIABLE = YES;
				IPHONEOS_DEPLOYMENT_TARGET = 5.0;
				SDKROOT = iphoneos;
			};
			name = Debug;
		};
		DEC2BD7B14A5713600887739 /* Release */ = {
			isa = XCBuildConfiguration;
			buildSettings = {
				ALWAYS_SEARCH_USER_PATHS = NO;
				ARCHS = "$(ARCHS_STANDARD_32_BIT)";
				CLANG_ENABLE_OBJC_ARC = YES;
				"CODE_SIGN_IDENTITY[sdk=iphoneos*]" = "";
				COPY_PHASE_STRIP = YES;
				GCC_C_LANGUAGE_STANDARD = gnu99;
				GCC_VERSION = com.apple.compilers.llvm.clang.1_0;
				GCC_WARN_ABOUT_MISSING_PROTOTYPES = YES;
				GCC_WARN_ABOUT_RETURN_TYPE = YES;
				GCC_WARN_UNUSED_VARIABLE = YES;
				IPHONEOS_DEPLOYMENT_TARGET = 5.0;
				OTHER_CFLAGS = "-DNS_BLOCK_ASSERTIONS=1";
				SDKROOT = iphoneos;
				VALIDATE_PRODUCT = YES;
			};
			name = Release;
		};
		DEC2BD7D14A5713600887739 /* Debug */ = {
			isa = XCBuildConfiguration;
			buildSettings = {
				GCC_PRECOMPILE_PREFIX_HEADER = YES;
				GCC_PREFIX_HEADER = "TweetYourBlobs/TweetYourBlobs-Prefix.pch";
				HEADER_SEARCH_PATHS = (
					"$(BUILT_PRODUCTS_DIR)/**",
					"/usr/include/libxml2/**",
				);
				INFOPLIST_FILE = "TweetYourBlobs/TweetYourBlobs-Info.plist";
				LIBRARY_SEARCH_PATHS = "\"$(SRCROOT)\"";
				OTHER_LDFLAGS = (
					"-ObjC",
					"-all_load",
				);
				PRODUCT_NAME = TweetBlob;
				RUN_CLANG_STATIC_ANALYZER = YES;
				WRAPPER_EXTENSION = app;
			};
			name = Debug;
		};
		DEC2BD7E14A5713600887739 /* Release */ = {
			isa = XCBuildConfiguration;
			buildSettings = {
				GCC_PRECOMPILE_PREFIX_HEADER = YES;
				GCC_PREFIX_HEADER = "TweetYourBlobs/TweetYourBlobs-Prefix.pch";
				HEADER_SEARCH_PATHS = (
					"$(BUILT_PRODUCTS_DIR)/**",
					"/usr/include/libxml2/**",
				);
				INFOPLIST_FILE = "TweetYourBlobs/TweetYourBlobs-Info.plist";
				LIBRARY_SEARCH_PATHS = "\"$(SRCROOT)\"";
				OTHER_LDFLAGS = (
					"-ObjC",
					"-all_load",
				);
				PRODUCT_NAME = TweetBlob;
				RUN_CLANG_STATIC_ANALYZER = YES;
				WRAPPER_EXTENSION = app;
			};
			name = Release;
		};
/* End XCBuildConfiguration section */

/* Begin XCConfigurationList section */
		DEC2BD5514A5713500887739 /* Build configuration list for PBXProject "TweetYourBlobs" */ = {
			isa = XCConfigurationList;
			buildConfigurations = (
				DEC2BD7A14A5713600887739 /* Debug */,
				DEC2BD7B14A5713600887739 /* Release */,
			);
			defaultConfigurationIsVisible = 0;
			defaultConfigurationName = Release;
		};
		DEC2BD7C14A5713600887739 /* Build configuration list for PBXNativeTarget "TweetYourBlobs" */ = {
			isa = XCConfigurationList;
			buildConfigurations = (
				DEC2BD7D14A5713600887739 /* Debug */,
				DEC2BD7E14A5713600887739 /* Release */,
			);
			defaultConfigurationIsVisible = 0;
			defaultConfigurationName = Release;
		};
/* End XCConfigurationList section */
	};
	rootObject = DEC2BD5214A5713500887739 /* Project object */;
}
